
Microsoft Visual Studio Solution File, Format Version 12.00
# Visual Studio Version 17
VisualStudioVersion = 17.9.34728.123
MinimumVisualStudioVersion = 10.0.40219.1
Project("{FAE04EC0-301F-11D3-BF4B-00C04F79EFBC}") = "Modul_3", "Modul_3\Modul_3.csproj", "{ECD01D4B-376E-40EC-8904-3439CA34C7DA}"
EndProject
Global
	GlobalSection(SolutionConfigurationPlatforms) = preSolution
		Debug|Any CPU = Debug|Any CPU
		Release|Any CPU = Release|Any CPU
	EndGlobalSection
	GlobalSection(ProjectConfigurationPlatforms) = postSolution
		{ECD01D4B-376E-40EC-8904-3439CA34C7DA}.Debug|Any CPU.ActiveCfg = Debug|Any CPU
		{ECD01D4B-376E-40EC-8904-3439CA34C7DA}.Debug|Any CPU.Build.0 = Debug|Any CPU
		{ECD01D4B-376E-40EC-8904-3439CA34C7DA}.Release|Any CPU.ActiveCfg = Release|Any CPU
		{ECD01D4B-376E-40EC-8904-3439CA34C7DA}.Release|Any CPU.Build.0 = Release|Any CPU
	EndGlobalSection
	GlobalSection(SolutionProperties) = preSolution
		HideSolutionNode = FALSE
	EndGlobalSection
	GlobalSection(ExtensibilityGlobals) = postSolution
		SolutionGuid = {B073CF3A-DC99-49E7-BB04-E98DD30FB47E}
	EndGlobalSection
EndGlobal
